{
  "nodes": {
    "brew-src": {
      "flake": false,
      "locked": {
        "lastModified": 1727016223,
        "narHash": "sha256-iZqd91Cp4O02BU6/eBZ0UZgJN8AlwH+0geQUpqF176E=",
        "owner": "Homebrew",
        "repo": "brew",
        "rev": "916044581862c32fc2365e8e9ff0b1507a98925e",
        "type": "github"
      },
      "original": {
        "owner": "Homebrew",
        "ref": "4.3.24",
        "repo": "brew",
        "type": "github"
      }
    },
    "darwin": {
      "inputs": {
        "nixpkgs": [
          "nixpkgs"
        ]
      },
      "locked": {
        "lastModified": 1731454423,
        "narHash": "sha256-TtwvgFxUa0wyptLhQbKaixgNW1UXf3+TDqfX3Kp63oM=",
        "owner": "lnl7",
        "repo": "nix-darwin",
        "rev": "6c71c49e2448e51ad830ed211024e6d0edc50116",
        "type": "github"
      },
      "original": {
        "owner": "lnl7",
        "repo": "nix-darwin",
        "type": "github"
      }
    },
    "flake-utils": {
      "inputs": {
        "systems": "systems"
      },
      "locked": {
        "lastModified": 1710146030,
        "narHash": "sha256-SZ5L6eA7HJ/nmkzGG7/ISclqe6oZdOZTNoesiInkXPQ=",
        "owner": "numtide",
        "repo": "flake-utils",
        "rev": "b1d9ab70662946ef0850d488da1c9019f3a9752a",
        "type": "github"
      },
      "original": {
        "owner": "numtide",
        "repo": "flake-utils",
        "type": "github"
      }
    },
    "ghostty-bin": {
      "inputs": {
        "nixpkgs": [
          "nixpkgs"
        ]
      },
      "locked": {
        "lastModified": 1731480001,
        "narHash": "sha256-IGW3r5tFSjxNbkzkGL9irdl76tXQS6tjfs2U/htY4Q4=",
        "ref": "refs/heads/main",
        "rev": "01b8071107ac03fd8ba618f657e771800e427124",
        "revCount": 8,
        "type": "git",
        "url": "ssh://git@github.com/gshpychka/ghostty-bin"
      },
      "original": {
        "type": "git",
        "url": "ssh://git@github.com/gshpychka/ghostty-bin"
      }
    },
    "home-manager": {
      "inputs": {
        "nixpkgs": [
          "nixpkgs"
        ]
      },
      "locked": {
        "lastModified": 1731235328,
        "narHash": "sha256-NjavpgE9/bMe/ABvZpyHIUeYF1mqR5lhaep3wB79ucs=",
        "owner": "nix-community",
        "repo": "home-manager",
        "rev": "60bb110917844d354f3c18e05450606a435d2d10",
        "type": "github"
      },
      "original": {
        "owner": "nix-community",
        "repo": "home-manager",
        "type": "github"
      }
    },
    "homebrew-bundle": {
      "flake": false,
      "locked": {
        "lastModified": 1731406490,
        "narHash": "sha256-wSMDmkpeTiZTzPoAkouahrkze2LKIOYmU/ckM1ruWCw=",
        "owner": "homebrew",
        "repo": "homebrew-bundle",
        "rev": "055eb6e7c6fc2e2d5fce43c6531a23ded4cb5d7a",
        "type": "github"
      },
      "original": {
        "owner": "homebrew",
        "repo": "homebrew-bundle",
        "type": "github"
      }
    },
    "homebrew-cask": {
      "flake": false,
      "locked": {
        "lastModified": 1731472005,
        "narHash": "sha256-tTeVRb1osJQu9Os+bySOaqfFuM7rVaHVWDFiBzul6NM=",
        "owner": "homebrew",
        "repo": "homebrew-cask",
        "rev": "1a8720cc62e5e492c19e6ca97f5dad346d3b57b3",
        "type": "github"
      },
      "original": {
        "owner": "homebrew",
        "repo": "homebrew-cask",
        "type": "github"
      }
    },
    "homebrew-core": {
      "flake": false,
      "locked": {
        "lastModified": 1731481093,
        "narHash": "sha256-1XptE5vNKy77+Gvjg8h3Vtj7rUwSg1quw/uOdmQRv3A=",
        "owner": "homebrew",
        "repo": "homebrew-core",
        "rev": "b6561dd1be7e72da2b81cf70d577b3af24d363eb",
        "type": "github"
      },
      "original": {
        "owner": "homebrew",
        "repo": "homebrew-core",
        "type": "github"
      }
    },
    "homebrew-services": {
      "flake": false,
      "locked": {
        "lastModified": 1731427786,
        "narHash": "sha256-gQN3srMJA7F39IHWXPaol25umz8FsybarOZbL4B/QYI=",
        "owner": "homebrew",
        "repo": "homebrew-services",
        "rev": "858b7de3c1a45b85379b233b1228a09672941c14",
        "type": "github"
      },
      "original": {
        "owner": "homebrew",
        "repo": "homebrew-services",
        "type": "github"
      }
    },
    "mkAlias": {
      "inputs": {
        "nixpkgs": [
          "nixpkgs"
        ]
      },
      "locked": {
        "lastModified": 1678761502,
        "narHash": "sha256-tL3C/b2BPOGQpV287wECDCDWmKwwPvezAAN3qz7N07M=",
        "owner": "reckenrode",
        "repo": "mkalias",
        "rev": "8a5478cdb646f137ebc53cb9d235f8e5892ea00a",
        "type": "github"
      },
      "original": {
        "owner": "reckenrode",
        "repo": "mkalias",
        "type": "github"
      }
    },
    "nix-homebrew": {
      "inputs": {
        "brew-src": "brew-src",
        "flake-utils": "flake-utils",
        "nix-darwin": [
          "darwin"
        ],
        "nixpkgs": [
          "nixpkgs"
        ]
      },
      "locked": {
        "lastModified": 1731434956,
        "narHash": "sha256-WmEUrnmLxqUg1ltf1x0LKb9RZr4mrqu9OtHKlVC1m7s=",
        "owner": "zhaofengli",
        "repo": "nix-homebrew",
        "rev": "2ed1e70db2448bd997b7b0c52f7bef42ac7a51a7",
        "type": "github"
      },
      "original": {
        "owner": "zhaofengli",
        "repo": "nix-homebrew",
        "type": "github"
      }
    },
    "nixpkgs": {
      "locked": {
        "lastModified": 1731477892,
        "narHash": "sha256-ay82YXJ8YvK2svpWaXrcT15kNFlkhmEQ9S1S8OsRkxQ=",
        "owner": "nixos",
        "repo": "nixpkgs",
        "rev": "50eb4d03f79cdaabc0618a2136928e05aa485883",
        "type": "github"
      },
      "original": {
        "owner": "nixos",
        "ref": "staging-next",
        "repo": "nixpkgs",
        "type": "github"
      }
    },
    "root": {
      "inputs": {
        "darwin": "darwin",
        "ghostty-bin": "ghostty-bin",
        "home-manager": "home-manager",
        "homebrew-bundle": "homebrew-bundle",
        "homebrew-cask": "homebrew-cask",
        "homebrew-core": "homebrew-core",
        "homebrew-services": "homebrew-services",
        "mkAlias": "mkAlias",
        "nix-homebrew": "nix-homebrew",
        "nixpkgs": "nixpkgs"
      }
    },
    "systems": {
      "locked": {
        "lastModified": 1681028828,
        "narHash": "sha256-Vy1rq5AaRuLzOxct8nz4T6wlgyUR7zLU309k9mBC768=",
        "owner": "nix-systems",
        "repo": "default",
        "rev": "da67096a3b9bf56a91d16901293e51ba5b49a27e",
        "type": "github"
      },
      "original": {
        "owner": "nix-systems",
        "repo": "default",
        "type": "github"
      }
    }
  },
  "root": "root",
  "version": 7
}
