{
  "nodes": {
    "blueprint": {
      "inputs": {
        "nixpkgs": [
          "llm-agents",
          "nixpkgs"
        ],
        "systems": [
          "llm-agents",
          "systems"
        ]
      },
      "locked": {
        "lastModified": 1776249299,
        "narHash": "sha256-Dt9t1TGRmJFc0xVYhttNBD6QsAgHOHCArqGa0AyjrJY=",
        "owner": "numtide",
        "repo": "blueprint",
        "rev": "56131e8628f173d24a27f6d27c0215eff57e40dd",
        "type": "github"
      },
      "original": {
        "owner": "numtide",
        "repo": "blueprint",
        "type": "github"
      }
    },
    "brew-src": {
      "flake": false,
      "locked": {
        "lastModified": 1779646357,
        "narHash": "sha256-rnnAaESXxItX4D9xCMGvs3hfDBjbbTYht7OluRcvT8k=",
        "owner": "Homebrew",
        "repo": "brew",
        "rev": "10a163ac127624caa80cc5cc5a705e97f3615b0e",
        "type": "github"
      },
      "original": {
        "owner": "Homebrew",
        "ref": "5.1.14",
        "repo": "brew",
        "type": "github"
      }
    },
    "bun2nix": {
      "inputs": {
        "flake-parts": [
          "llm-agents",
          "flake-parts"
        ],
        "nixpkgs": [
          "llm-agents",
          "nixpkgs"
        ],
        "systems": [
          "llm-agents",
          "systems"
        ],
        "treefmt-nix": [
          "llm-agents",
          "treefmt-nix"
        ]
      },
      "locked": {
        "lastModified": 1778446047,
        "narHash": "sha256-oQvcadh2BCkrog+SGrG6YffKJrveYpjj3TdQJWaKhaM=",
        "owner": "nix-community",
        "repo": "bun2nix",
        "rev": "f2bc12af1a6369648aac41041ceeaa0b866599c6",
        "type": "github"
      },
      "original": {
        "owner": "nix-community",
        "repo": "bun2nix",
        "type": "github"
      }
    },
    "crane": {
      "locked": {
        "lastModified": 1780099841,
        "narHash": "sha256-EVZd2RsbpreRUDSi9rBwPY+ZxoyMaiEBbZxxhljbaS4=",
        "owner": "ipetkov",
        "repo": "crane",
        "rev": "0532eb17955225173906d671fb36306bdeb1e2dc",
        "type": "github"
      },
      "original": {
        "owner": "ipetkov",
        "repo": "crane",
        "type": "github"
      }
    },
    "darwin": {
      "inputs": {
        "nixpkgs": [
          "nixpkgs"
        ]
      },
      "locked": {
        "lastModified": 1780795403,
        "narHash": "sha256-AkWx4Zt9pQbD/f82Z8N57+d0HGLN/rV3gdMKJTpBPKs=",
        "owner": "nix-darwin",
        "repo": "nix-darwin",
        "rev": "6a771120d607dcccb279a27d227650e324815c35",
        "type": "github"
      },
      "original": {
        "owner": "nix-darwin",
        "repo": "nix-darwin",
        "type": "github"
      }
    },
    "flake-compat": {
      "flake": false,
      "locked": {
        "lastModified": 1767039857,
        "narHash": "sha256-vNpUSpF5Nuw8xvDLj2KCwwksIbjua2LZCqhV1LNRDns=",
        "owner": "NixOS",
        "repo": "flake-compat",
        "rev": "5edf11c44bc78a0d334f6334cdaf7d60d732daab",
        "type": "github"
      },
      "original": {
        "owner": "NixOS",
        "repo": "flake-compat",
        "type": "github"
      }
    },
    "flake-parts": {
      "inputs": {
        "nixpkgs-lib": [
          "llm-agents",
          "nixpkgs"
        ]
      },
      "locked": {
        "lastModified": 1778716662,
        "narHash": "sha256-m1Yf0wZ8j1OHjTc2UwHwyQRSnNeSgLJOd7q5Y45hzi4=",
        "owner": "hercules-ci",
        "repo": "flake-parts",
        "rev": "f7c1a2d347e4c52d5fb8d10cb4d94b5884e546fb",
        "type": "github"
      },
      "original": {
        "owner": "hercules-ci",
        "repo": "flake-parts",
        "type": "github"
      }
    },
    "flake-parts_2": {
      "inputs": {
        "nixpkgs-lib": [
          "nixified-ai",
          "nixpkgs"
        ]
      },
      "locked": {
        "lastModified": 1768135262,
        "narHash": "sha256-PVvu7OqHBGWN16zSi6tEmPwwHQ4rLPU9Plvs8/1TUBY=",
        "owner": "hercules-ci",
        "repo": "flake-parts",
        "rev": "80daad04eddbbf5a4d883996a73f3f542fa437ac",
        "type": "github"
      },
      "original": {
        "owner": "hercules-ci",
        "repo": "flake-parts",
        "type": "github"
      }
    },
    "flake-parts_3": {
      "inputs": {
        "nixpkgs-lib": [
          "nixified-ai",
          "hercules-ci-effects",
          "nixpkgs"
        ]
      },
      "locked": {
        "lastModified": 1768135262,
        "narHash": "sha256-PVvu7OqHBGWN16zSi6tEmPwwHQ4rLPU9Plvs8/1TUBY=",
        "owner": "hercules-ci",
        "repo": "flake-parts",
        "rev": "80daad04eddbbf5a4d883996a73f3f542fa437ac",
        "type": "github"
      },
      "original": {
        "id": "flake-parts",
        "type": "indirect"
      }
    },
    "gitignore": {
      "inputs": {
        "nixpkgs": [
          "lanzaboote",
          "pre-commit",
          "nixpkgs"
        ]
      },
      "locked": {
        "lastModified": 1709087332,
        "narHash": "sha256-HG2cCnktfHsKV0s4XW83gU3F57gaTljL9KNSuG6bnQs=",
        "owner": "hercules-ci",
        "repo": "gitignore.nix",
        "rev": "637db329424fd7e46cf4185293b9cc8c88c95394",
        "type": "github"
      },
      "original": {
        "owner": "hercules-ci",
        "repo": "gitignore.nix",
        "type": "github"
      }
    },
    "hercules-ci-effects": {
      "inputs": {
        "flake-parts": "flake-parts_3",
        "nixpkgs": [
          "nixified-ai",
          "nixpkgs"
        ]
      },
      "locked": {
        "lastModified": 1768476106,
        "narHash": "sha256-V0YOJRum50gtKgwavsAfwXc9+XAsJCC7386YZx1sWGQ=",
        "owner": "hercules-ci",
        "repo": "hercules-ci-effects",
        "rev": "c19e263e6e22ec7379d972f19e6a322f943c73fb",
        "type": "github"
      },
      "original": {
        "owner": "hercules-ci",
        "repo": "hercules-ci-effects",
        "type": "github"
      }
    },
    "home-manager": {
      "inputs": {
        "nixpkgs": [
          "nixpkgs"
        ]
      },
      "locked": {
        "lastModified": 1780929421,
        "narHash": "sha256-vpQnB8Hiaeke7pvkl18Uv1zJjHd9EHxLaKmvhHxOiyo=",
        "owner": "nix-community",
        "repo": "home-manager",
        "rev": "5c34a3c7590cfadd0784ee879998509daf3e665b",
        "type": "github"
      },
      "original": {
        "owner": "nix-community",
        "repo": "home-manager",
        "type": "github"
      }
    },
    "homebrew-cask": {
      "flake": false,
      "locked": {
        "lastModified": 1780929365,
        "narHash": "sha256-Z80VQntloxfowvw0QTNs+pcpv7ggV/fcmTXs56cv82U=",
        "owner": "homebrew",
        "repo": "homebrew-cask",
        "rev": "d96ceeb29d1104a7bdac1d7a4062d11c98396d4f",
        "type": "github"
      },
      "original": {
        "owner": "homebrew",
        "repo": "homebrew-cask",
        "type": "github"
      }
    },
    "homebrew-core": {
      "flake": false,
      "locked": {
        "lastModified": 1780928759,
        "narHash": "sha256-56O+Wu/Zp59kyF2r8doxoZxdVWku7C7+buNOw99aVtQ=",
        "owner": "homebrew",
        "repo": "homebrew-core",
        "rev": "7866a4dab1cca7b3fd23da33cb93aaefbabacaf7",
        "type": "github"
      },
      "original": {
        "owner": "homebrew",
        "repo": "homebrew-core",
        "type": "github"
      }
    },
    "homebrew-dagger": {
      "flake": false,
      "locked": {
        "lastModified": 1780500220,
        "narHash": "sha256-gYR+uVJR+2KaVnzIUVVZ87aRN5BnqyfN7SBSSWF+MeM=",
        "owner": "dagger",
        "repo": "homebrew-tap",
        "rev": "e0227e874820128f6e26a6d51bb52b4071082827",
        "type": "github"
      },
      "original": {
        "owner": "dagger",
        "repo": "homebrew-tap",
        "type": "github"
      }
    },
    "jovian-nixos": {
      "inputs": {
        "nix-github-actions": "nix-github-actions",
        "nixpkgs": [
          "nixpkgs"
        ]
      },
      "locked": {
        "lastModified": 1780732862,
        "narHash": "sha256-5ESnlukoBFxWy9NLp3EavvYcriSpVpQNW5yTjY2hdRo=",
        "owner": "Jovian-Experiments",
        "repo": "Jovian-NixOS",
        "rev": "9f2b08903e80944eaf625fb0364249865939d5cc",
        "type": "github"
      },
      "original": {
        "owner": "Jovian-Experiments",
        "repo": "Jovian-NixOS",
        "type": "github"
      }
    },
    "lanzaboote": {
      "inputs": {
        "crane": "crane",
        "nixpkgs": [
          "nixpkgs"
        ],
        "pre-commit": "pre-commit",
        "rust-overlay": "rust-overlay"
      },
      "locked": {
        "lastModified": 1780574905,
        "narHash": "sha256-2YH74Fj5+/gc94qW7ZMN0YF3sMhf2BFB5NBaJgDsugo=",
        "owner": "nix-community",
        "repo": "lanzaboote",
        "rev": "e780b8e19d405b6906d759d270bbc125d221e81a",
        "type": "github"
      },
      "original": {
        "owner": "nix-community",
        "repo": "lanzaboote",
        "type": "github"
      }
    },
    "llm-agents": {
      "inputs": {
        "blueprint": "blueprint",
        "bun2nix": "bun2nix",
        "flake-parts": "flake-parts",
        "nixpkgs": "nixpkgs",
        "systems": "systems",
        "treefmt-nix": "treefmt-nix"
      },
      "locked": {
        "lastModified": 1780898277,
        "narHash": "sha256-0VC7EFQNn+W6m8HvywnZ3/j99//VTtaRw+AEj9Y8YgM=",
        "owner": "numtide",
        "repo": "llm-agents.nix",
        "rev": "6a40b159e43386df7db43ffcb0435e1af25e3d8d",
        "type": "github"
      },
      "original": {
        "owner": "numtide",
        "repo": "llm-agents.nix",
        "type": "github"
      }
    },
    "mcp-servers-nix": {
      "inputs": {
        "nixpkgs": [
          "nixpkgs"
        ]
      },
      "locked": {
        "lastModified": 1780915237,
        "narHash": "sha256-9qMC1lJ1jkEPvbWquWFFENVTfmOS20w1qvvH7vBRhL8=",
        "owner": "natsukium",
        "repo": "mcp-servers-nix",
        "rev": "a5a4db8f4fa5406390c99f628b3ff36819ea3677",
        "type": "github"
      },
      "original": {
        "owner": "natsukium",
        "repo": "mcp-servers-nix",
        "type": "github"
      }
    },
    "nix-github-actions": {
      "inputs": {
        "nixpkgs": [
          "jovian-nixos",
          "nixpkgs"
        ]
      },
      "locked": {
        "lastModified": 1729697500,
        "narHash": "sha256-VFTWrbzDlZyFHHb1AlKRiD/qqCJIripXKiCSFS8fAOY=",
        "owner": "zhaofengli",
        "repo": "nix-github-actions",
        "rev": "e418aeb728b6aa5ca8c5c71974e7159c2df1d8cf",
        "type": "github"
      },
      "original": {
        "owner": "zhaofengli",
        "ref": "matrix-name",
        "repo": "nix-github-actions",
        "type": "github"
      }
    },
    "nix-homebrew": {
      "inputs": {
        "brew-src": "brew-src"
      },
      "locked": {
        "lastModified": 1780492467,
        "narHash": "sha256-zMEJwtQPmsPPgPczFkyjWHgd1z0HagOPS2Wt2WDYLJY=",
        "owner": "zhaofengli",
        "repo": "nix-homebrew",
        "rev": "562332f97de9f5ba51aa647d70462e88222b2988",
        "type": "github"
      },
      "original": {
        "owner": "zhaofengli",
        "repo": "nix-homebrew",
        "type": "github"
      }
    },
    "nixified-ai": {
      "inputs": {
        "flake-parts": "flake-parts_2",
        "hercules-ci-effects": "hercules-ci-effects",
        "nixpkgs": [
          "nixpkgs"
        ]
      },
      "locked": {
        "lastModified": 1780854253,
        "narHash": "sha256-HGNO7hPMcP8yNla4I7RScT1P8MRJK6HL5mSe5mcHjFc=",
        "owner": "nixified-ai",
        "repo": "flake",
        "rev": "579afb13747c68970dbcbdcd6fc162b8bf7eff46",
        "type": "github"
      },
      "original": {
        "owner": "nixified-ai",
        "repo": "flake",
        "type": "github"
      }
    },
    "nixos-hardware": {
      "inputs": {
        "nixpkgs": "nixpkgs_2"
      },
      "locked": {
        "lastModified": 1780310866,
        "narHash": "sha256-fPBRVf6A5xlACYcOI59shGrjURuvwu0lRsDoSCEXt/I=",
        "owner": "NixOS",
        "repo": "nixos-hardware",
        "rev": "4ed851c979641e28597a05086332d75cdc9e395f",
        "type": "github"
      },
      "original": {
        "owner": "NixOS",
        "ref": "master",
        "repo": "nixos-hardware",
        "type": "github"
      }
    },
    "nixos-stable": {
      "locked": {
        "lastModified": 1780511130,
        "narHash": "sha256-2v9lT4ya59Lh1FqPeLnz1MoX9y/wz2huqfe9RtQZITk=",
        "owner": "nixos",
        "repo": "nixpkgs",
        "rev": "535f3e6942cb1cead3929c604320d3db54b542b9",
        "type": "github"
      },
      "original": {
        "owner": "nixos",
        "ref": "nixos-25.11",
        "repo": "nixpkgs",
        "type": "github"
      }
    },
    "nixpkgs": {
      "locked": {
        "lastModified": 1780747962,
        "narHash": "sha256-IX7G1dlKrOqPOImfbo7ADDfV5yU1+j+MRChI3TL4tAA=",
        "owner": "NixOS",
        "repo": "nixpkgs",
        "rev": "cbb5cf358f50aa6acc9efd6113b7bcfbc352cd73",
        "type": "github"
      },
      "original": {
        "owner": "NixOS",
        "ref": "nixpkgs-unstable",
        "repo": "nixpkgs",
        "type": "github"
      }
    },
    "nixpkgs_2": {
      "locked": {
        "lastModified": 1767892417,
        "narHash": "sha256-8bW3q88CEg2u4hSP66Vf4lpbLonHz7hqDNBMcCY7E9U=",
        "rev": "3497aa5c9457a9d88d71fa93a4a8368816fbeeba",
        "type": "tarball",
        "url": "https://releases.nixos.org/nixos/unstable/nixos-26.05pre924538.3497aa5c9457/nixexprs.tar.xz"
      },
      "original": {
        "type": "tarball",
        "url": "https://channels.nixos.org/nixos-unstable/nixexprs.tar.xz"
      }
    },
    "nixpkgs_3": {
      "locked": {
        "lastModified": 1780747962,
        "narHash": "sha256-IX7G1dlKrOqPOImfbo7ADDfV5yU1+j+MRChI3TL4tAA=",
        "owner": "nixos",
        "repo": "nixpkgs",
        "rev": "cbb5cf358f50aa6acc9efd6113b7bcfbc352cd73",
        "type": "github"
      },
      "original": {
        "owner": "nixos",
        "ref": "nixpkgs-unstable",
        "repo": "nixpkgs",
        "type": "github"
      }
    },
    "pre-commit": {
      "inputs": {
        "flake-compat": "flake-compat",
        "gitignore": "gitignore",
        "nixpkgs": [
          "lanzaboote",
          "nixpkgs"
        ]
      },
      "locked": {
        "lastModified": 1778507602,
        "narHash": "sha256-kTwur1wV+01SdqskVMSo6JMEpg71ps3HpbFY2GsflKs=",
        "owner": "cachix",
        "repo": "pre-commit-hooks.nix",
        "rev": "61ab0e80d9c7ab14c256b5b453d8b3fb0189ba0a",
        "type": "github"
      },
      "original": {
        "owner": "cachix",
        "repo": "pre-commit-hooks.nix",
        "type": "github"
      }
    },
    "root": {
      "inputs": {
        "darwin": "darwin",
        "home-manager": "home-manager",
        "homebrew-cask": "homebrew-cask",
        "homebrew-core": "homebrew-core",
        "homebrew-dagger": "homebrew-dagger",
        "jovian-nixos": "jovian-nixos",
        "lanzaboote": "lanzaboote",
        "llm-agents": "llm-agents",
        "mcp-servers-nix": "mcp-servers-nix",
        "nix-homebrew": "nix-homebrew",
        "nixified-ai": "nixified-ai",
        "nixos-hardware": "nixos-hardware",
        "nixos-stable": "nixos-stable",
        "nixpkgs": "nixpkgs_3",
        "sops-nix": "sops-nix"
      }
    },
    "rust-overlay": {
      "inputs": {
        "nixpkgs": [
          "lanzaboote",
          "nixpkgs"
        ]
      },
      "locked": {
        "lastModified": 1780284119,
        "narHash": "sha256-y2wR4Mk6D/N1ID4FZa2oUMStCUxyIoRzmgOOpLzoWmo=",
        "owner": "oxalica",
        "repo": "rust-overlay",
        "rev": "51390d0bfca0a68a8c337d215a4bbeddc2ca616e",
        "type": "github"
      },
      "original": {
        "owner": "oxalica",
        "repo": "rust-overlay",
        "type": "github"
      }
    },
    "sops-nix": {
      "inputs": {
        "nixpkgs": [
          "nixpkgs"
        ]
      },
      "locked": {
        "lastModified": 1780547341,
        "narHash": "sha256-Gq8KNx5A7hBB3uGJaj6eQfLDIz5YdLu92gqBcvHvoUo=",
        "owner": "Mic92",
        "repo": "sops-nix",
        "rev": "9ed65852b6257fbeae4355bc24ecfea307ca759a",
        "type": "github"
      },
      "original": {
        "owner": "Mic92",
        "repo": "sops-nix",
        "type": "github"
      }
    },
    "systems": {
      "locked": {
        "lastModified": 1681028828,
        "narHash": "sha256-Vy1rq5AaRuLzOxct8nz4T6wlgyUR7zLU309k9mBC768=",
        "owner": "nix-systems",
        "repo": "default",
        "rev": "da67096a3b9bf56a91d16901293e51ba5b49a27e",
        "type": "github"
      },
      "original": {
        "owner": "nix-systems",
        "repo": "default",
        "type": "github"
      }
    },
    "treefmt-nix": {
      "inputs": {
        "nixpkgs": [
          "llm-agents",
          "nixpkgs"
        ]
      },
      "locked": {
        "lastModified": 1780220602,
        "narHash": "sha256-eynAfOmbmxJnkp7YewvCEbShNnnYJ9gLLqkzsYtBPeM=",
        "owner": "numtide",
        "repo": "treefmt-nix",
        "rev": "db947814a175b7ca6ded66e21383d938df01c227",
        "type": "github"
      },
      "original": {
        "owner": "numtide",
        "repo": "treefmt-nix",
        "type": "github"
      }
    }
  },
  "root": "root",
  "version": 7
}
